// !$*UTF8*$!
{
	archiveVersion = 1;
	classes = {
	};
	objectVersion = 46;
	objects = {

/* Begin PBXBuildFile section */
		1D91F6B71B02F1C800B8F7F8 /* main.m in Sources */ = {isa = PBXBuildFile; fileRef = 1D91F6B61B02F1C800B8F7F8 /* main.m */; };
		1D91F6BA1B02F1C800B8F7F8 /* AppDelegate.m in Sources */ = {isa = PBXBuildFile; fileRef = 1D91F6B91B02F1C800B8F7F8 /* AppDelegate.m */; };
		1D91F6BD1B02F1C800B8F7F8 /* ViewController.m in Sources */ = {isa = PBXBuildFile; fileRef = 1D91F6BC1B02F1C800B8F7F8 /* ViewController.m */; };
		1D91F6C01B02F1C800B8F7F8 /* Main.storyboard in Resources */ = {isa = PBXBuildFile; fileRef = 1D91F6BE1B02F1C800B8F7F8 /* Main.storyboard */; };
		1D91F6C21B02F1C800B8F7F8 /* Images.xcassets in Resources */ = {isa = PBXBuildFile; fileRef = 1D91F6C11B02F1C800B8F7F8 /* Images.xcassets */; };
		1D91F6C51B02F1C800B8F7F8 /* LaunchScreen.xib in Resources */ = {isa = PBXBuildFile; fileRef = 1D91F6C31B02F1C800B8F7F8 /* LaunchScreen.xib */; };
		1D91F6D11B02F1C800B8F7F8 /* UI_2_3________Tests.m in Sources */ = {isa = PBXBuildFile; fileRef = 1D91F6D01B02F1C800B8F7F8 /* UI_2_3________Tests.m */; };
/* End PBXBuildFile section */

/* Begin PBXContainerItemProxy section */
		1D91F6CB1B02F1C800B8F7F8 /* PBXContainerItemProxy */ = {
			isa = PBXContainerItemProxy;
			containerPortal = 1D91F6A91B02F1C800B8F7F8 /* Project object */;
			proxyType = 1;
			remoteGlobalIDString = 1D91F6B01B02F1C800B8F7F8;
			remoteInfo = "UI-2.3-图片浏览器优化";
		};
/* End PBXContainerItemProxy section */

/* Begin PBXFileReference section */
		1D91F6B11B02F1C800B8F7F8 /* UI-2.3-图片浏览器优化.app */ = {isa = PBXFileReference; explicitFileType = wrapper.application; includeInIndex = 0; path = "UI-2.3-图片浏览器优化.app"; sourceTree = BUILT_PRODUCTS_DIR; };
		1D91F6B51B02F1C800B8F7F8 /* Info.plist */ = {isa = PBXFileReference; lastKnownFileType = text.plist.xml; path = Info.plist; sourceTree = "<group>"; };
		1D91F6B61B02F1C800B8F7F8 /* main.m */ = {isa = PBXFileReference; lastKnownFileType = sourcecode.c.objc; path = main.m; sourceTree = "<group>"; };
		1D91F6B81B02F1C800B8F7F8 /* AppDelegate.h */ = {isa = PBXFileReference; lastKnownFileType = sourcecode.c.h; path = AppDelegate.h; sourceTree = "<group>"; };
		1D91F6B91B02F1C800B8F7F8 /* AppDelegate.m */ = {isa = PBXFileReference; lastKnownFileType = sourcecode.c.objc; path = AppDelegate.m; sourceTree = "<group>"; };
		1D91F6BB1B02F1C800B8F7F8 /* ViewController.h */ = {isa = PBXFileReference; lastKnownFileType = sourcecode.c.h; path = ViewController.h; sourceTree = "<group>"; };
		1D91F6BC1B02F1C800B8F7F8 /* ViewController.m */ = {isa = PBXFileReference; lastKnownFileType = sourcecode.c.objc; path = ViewController.m; sourceTree = "<group>"; };
		1D91F6BF1B02F1C800B8F7F8 /* Base */ = {isa = PBXFileReference; lastKnownFileType = file.storyboard; name = Base; path = Base.lproj/Main.storyboard; sourceTree = "<group>"; };
		1D91F6C11B02F1C800B8F7F8 /* Images.xcassets */ = {isa = PBXFileReference; lastKnownFileType = folder.assetcatalog; path = Images.xcassets; sourceTree = "<group>"; };
		1D91F6C41B02F1C800B8F7F8 /* Base */ = {isa = PBXFileReference; lastKnownFileType = file.xib; name = Base; path = Base.lproj/LaunchScreen.xib; sourceTree = "<group>"; };
		1D91F6CA1B02F1C800B8F7F8 /* UI-2.3-图片浏览器优化Tests.xctest */ = {isa = PBXFileReference; explicitFileType = wrapper.cfbundle; includeInIndex = 0; path = "UI-2.3-图片浏览器优化Tests.xctest"; sourceTree = BUILT_PRODUCTS_DIR; };
		1D91F6CF1B02F1C800B8F7F8 /* Info.plist */ = {isa = PBXFileReference; lastKnownFileType = text.plist.xml; path = Info.plist; sourceTree = "<group>"; };
		1D91F6D01B02F1C800B8F7F8 /* UI_2_3________Tests.m */ = {isa = PBXFileReference; lastKnownFileType = sourcecode.c.objc; path = "UI_2_3________Tests.m"; sourceTree = "<group>"; };
/* End PBXFileReference section */

/* Begin PBXFrameworksBuildPhase section */
		1D91F6AE1B02F1C800B8F7F8 /* Frameworks */ = {
			isa = PBXFrameworksBuildPhase;
			buildActionMask = 2147483647;
			files = (
			);
			runOnlyForDeploymentPostprocessing = 0;
		};
		1D91F6C71B02F1C800B8F7F8 /* Frameworks */ = {
			isa = PBXFrameworksBuildPhase;
			buildActionMask = 2147483647;
			files = (
			);
			runOnlyForDeploymentPostprocessing = 0;
		};
/* End PBXFrameworksBuildPhase section */

/* Begin PBXGroup section */
		1D91F6A81B02F1C800B8F7F8 = {
			isa = PBXGroup;
			children = (
				1D91F6B31B02F1C800B8F7F8 /* UI-2.3-图片浏览器优化 */,
				1D91F6CD1B02F1C800B8F7F8 /* UI-2.3-图片浏览器优化Tests */,
				1D91F6B21B02F1C800B8F7F8 /* Products */,
			);
			sourceTree = "<group>";
		};
		1D91F6B21B02F1C800B8F7F8 /* Products */ = {
			isa = PBXGroup;
			children = (
				1D91F6B11B02F1C800B8F7F8 /* UI-2.3-图片浏览器优化.app */,
				1D91F6CA1B02F1C800B8F7F8 /* UI-2.3-图片浏览器优化Tests.xctest */,
			);
			name = Products;
			sourceTree = "<group>";
		};
		1D91F6B31B02F1C800B8F7F8 /* UI-2.3-图片浏览器优化 */ = {
			isa = PBXGroup;
			children = (
				1D91F6B81B02F1C800B8F7F8 /* AppDelegate.h */,
				1D91F6B91B02F1C800B8F7F8 /* AppDelegate.m */,
				1D91F6BB1B02F1C800B8F7F8 /* ViewController.h */,
				1D91F6BC1B02F1C800B8F7F8 /* ViewController.m */,
				1D91F6BE1B02F1C800B8F7F8 /* Main.storyboard */,
				1D91F6C11B02F1C800B8F7F8 /* Images.xcassets */,
				1D91F6C31B02F1C800B8F7F8 /* LaunchScreen.xib */,
				1D91F6B41B02F1C800B8F7F8 /* Supporting Files */,
			);
			path = "UI-2.3-图片浏览器优化";
			sourceTree = "<group>";
		};
		1D91F6B41B02F1C800B8F7F8 /* Supporting Files */ = {
			isa = PBXGroup;
			children = (
				1D91F6B51B02F1C800B8F7F8 /* Info.plist */,
				1D91F6B61B02F1C800B8F7F8 /* main.m */,
			);
			name = "Supporting Files";
			sourceTree = "<group>";
		};
		1D91F6CD1B02F1C800B8F7F8 /* UI-2.3-图片浏览器优化Tests */ = {
			isa = PBXGroup;
			children = (
				1D91F6D01B02F1C800B8F7F8 /* UI_2_3________Tests.m */,
				1D91F6CE1B02F1C800B8F7F8 /* Supporting Files */,
			);
			path = "UI-2.3-图片浏览器优化Tests";
			sourceTree = "<group>";
		};
		1D91F6CE1B02F1C800B8F7F8 /* Supporting Files */ = {
			isa = PBXGroup;
			children = (
				1D91F6CF1B02F1C800B8F7F8 /* Info.plist */,
			);
			name = "Supporting Files";
			sourceTree = "<group>";
		};
/* End PBXGroup section */

/* Begin PBXNativeTarget section */
		1D91F6B01B02F1C800B8F7F8 /* UI-2.3-图片浏览器优化 */ = {
			isa = PBXNativeTarget;
			buildConfigurationList = 1D91F6D41B02F1C800B8F7F8 /* Build configuration list for PBXNativeTarget "UI-2.3-图片浏览器优化" */;
			buildPhases = (
				1D91F6AD1B02F1C800B8F7F8 /* Sources */,
				1D91F6AE1B02F1C800B8F7F8 /* Frameworks */,
				1D91F6AF1B02F1C800B8F7F8 /* Resources */,
			);
			buildRules = (
			);
			dependencies = (
			);
			name = "UI-2.3-图片浏览器优化";
			productName = "UI-2.3-图片浏览器优化";
			productReference = 1D91F6B11B02F1C800B8F7F8 /* UI-2.3-图片浏览器优化.app */;
			productType = "com.apple.product-type.application";
		};
		1D91F6C91B02F1C800B8F7F8 /* UI-2.3-图片浏览器优化Tests */ = {
			isa = PBXNativeTarget;
			buildConfigurationList = 1D91F6D71B02F1C800B8F7F8 /* Build configuration list for PBXNativeTarget "UI-2.3-图片浏览器优化Tests" */;
			buildPhases = (
				1D91F6C61B02F1C800B8F7F8 /* Sources */,
				1D91F6C71B02F1C800B8F7F8 /* Frameworks */,
				1D91F6C81B02F1C800B8F7F8 /* Resources */,
			);
			buildRules = (
			);
			dependencies = (
				1D91F6CC1B02F1C800B8F7F8 /* PBXTargetDependency */,
			);
			name = "UI-2.3-图片浏览器优化Tests";
			productName = "UI-2.3-图片浏览器优化Tests";
			productReference = 1D91F6CA1B02F1C800B8F7F8 /* UI-2.3-图片浏览器优化Tests.xctest */;
			productType = "com.apple.product-type.bundle.unit-test";
		};
/* End PBXNativeTarget section */

/* Begin PBXProject section */
		1D91F6A91B02F1C800B8F7F8 /* Project object */ = {
			isa = PBXProject;
			attributes = {
				LastUpgradeCheck = 0610;
				ORGANIZATIONNAME = "王小二";
				TargetAttributes = {
					1D91F6B01B02F1C800B8F7F8 = {
						CreatedOnToolsVersion = 6.1;
					};
					1D91F6C91B02F1C800B8F7F8 = {
						CreatedOnToolsVersion = 6.1;
						TestTargetID = 1D91F6B01B02F1C800B8F7F8;
					};
				};
			};
			buildConfigurationList = 1D91F6AC1B02F1C800B8F7F8 /* Build configuration list for PBXProject "UI-2.3-图片浏览器优化" */;
			compatibilityVersion = "Xcode 3.2";
			developmentRegion = English;
			hasScannedForEncodings = 0;
			knownRegions = (
				en,
				Base,
			);
			mainGroup = 1D91F6A81B02F1C800B8F7F8;
			productRefGroup = 1D91F6B21B02F1C800B8F7F8 /* Products */;
			projectDirPath = "";
			projectRoot = "";
			targets = (
				1D91F6B01B02F1C800B8F7F8 /* UI-2.3-图片浏览器优化 */,
				1D91F6C91B02F1C800B8F7F8 /* UI-2.3-图片浏览器优化Tests */,
			);
		};
/* End PBXProject section */

/* Begin PBXResourcesBuildPhase section */
		1D91F6AF1B02F1C800B8F7F8 /* Resources */ = {
			isa = PBXResourcesBuildPhase;
			buildActionMask = 2147483647;
			files = (
				1D91F6C01B02F1C800B8F7F8 /* Main.storyboard in Resources */,
				1D91F6C51B02F1C800B8F7F8 /* LaunchScreen.xib in Resources */,
				1D91F6C21B02F1C800B8F7F8 /* Images.xcassets in Resources */,
			);
			runOnlyForDeploymentPostprocessing = 0;
		};
		1D91F6C81B02F1C800B8F7F8 /* Resources */ = {
			isa = PBXResourcesBuildPhase;
			buildActionMask = 2147483647;
			files = (
			);
			runOnlyForDeploymentPostprocessing = 0;
		};
/* End PBXResourcesBuildPhase section */

/* Begin PBXSourcesBuildPhase section */
		1D91F6AD1B02F1C800B8F7F8 /* Sources */ = {
			isa = PBXSourcesBuildPhase;
			buildActionMask = 2147483647;
			files = (
				1D91F6BD1B02F1C800B8F7F8 /* ViewController.m in Sources */,
				1D91F6BA1B02F1C800B8F7F8 /* AppDelegate.m in Sources */,
				1D91F6B71B02F1C800B8F7F8 /* main.m in Sources */,
			);
			runOnlyForDeploymentPostprocessing = 0;
		};
		1D91F6C61B02F1C800B8F7F8 /* Sources */ = {
			isa = PBXSourcesBuildPhase;
			buildActionMask = 2147483647;
			files = (
				1D91F6D11B02F1C800B8F7F8 /* UI_2_3________Tests.m in Sources */,
			);
			runOnlyForDeploymentPostprocessing = 0;
		};
/* End PBXSourcesBuildPhase section */

/* Begin PBXTargetDependency section */
		1D91F6CC1B02F1C800B8F7F8 /* PBXTargetDependency */ = {
			isa = PBXTargetDependency;
			target = 1D91F6B01B02F1C800B8F7F8 /* UI-2.3-图片浏览器优化 */;
			targetProxy = 1D91F6CB1B02F1C800B8F7F8 /* PBXContainerItemProxy */;
		};
/* End PBXTargetDependency section */

/* Begin PBXVariantGroup section */
		1D91F6BE1B02F1C800B8F7F8 /* Main.storyboard */ = {
			isa = PBXVariantGroup;
			children = (
				1D91F6BF1B02F1C800B8F7F8 /* Base */,
			);
			name = Main.storyboard;
			sourceTree = "<group>";
		};
		1D91F6C31B02F1C800B8F7F8 /* LaunchScreen.xib */ = {
			isa = PBXVariantGroup;
			children = (
				1D91F6C41B02F1C800B8F7F8 /* Base */,
			);
			name = LaunchScreen.xib;
			sourceTree = "<group>";
		};
/* End PBXVariantGroup section */

/* Begin XCBuildConfiguration section */
		1D91F6D21B02F1C800B8F7F8 /* Debug */ = {
			isa = XCBuildConfiguration;
			buildSettings = {
				ALWAYS_SEARCH_USER_PATHS = NO;
				CLANG_CXX_LANGUAGE_STANDARD = "gnu++0x";
				CLANG_CXX_LIBRARY = "libc++";
				CLANG_ENABLE_MODULES = YES;
				CLANG_ENABLE_OBJC_ARC = YES;
				CLANG_WARN_BOOL_CONVERSION = YES;
				CLANG_WARN_CONSTANT_CONVERSION = YES;
				CLANG_WARN_DIRECT_OBJC_ISA_USAGE = YES_ERROR;
				CLANG_WARN_EMPTY_BODY = YES;
				CLANG_WARN_ENUM_CONVERSION = YES;
				CLANG_WARN_INT_CONVERSION = YES;
				CLANG_WARN_OBJC_ROOT_CLASS = YES_ERROR;
				CLANG_WARN_UNREACHABLE_CODE = YES;
				CLANG_WARN__DUPLICATE_METHOD_MATCH = YES;
				"CODE_SIGN_IDENTITY[sdk=iphoneos*]" = "iPhone Developer";
				COPY_PHASE_STRIP = NO;
				ENABLE_STRICT_OBJC_MSGSEND = YES;
				GCC_C_LANGUAGE_STANDARD = gnu99;
				GCC_DYNAMIC_NO_PIC = NO;
				GCC_OPTIMIZATION_LEVEL = 0;
				GCC_PREPROCESSOR_DEFINITIONS = (
					"DEBUG=1",
					"$(inherited)",
				);
				GCC_SYMBOLS_PRIVATE_EXTERN = NO;
				GCC_WARN_64_TO_32_BIT_CONVERSION = YES;
				GCC_WARN_ABOUT_RETURN_TYPE = YES_ERROR;
				GCC_WARN_UNDECLARED_SELECTOR = YES;
				GCC_WARN_UNINITIALIZED_AUTOS = YES_AGGRESSIVE;
				GCC_WARN_UNUSED_FUNCTION = YES;
				GCC_WARN_UNUSED_VARIABLE = YES;
				IPHONEOS_DEPLOYMENT_TARGET = 8.1;
				MTL_ENABLE_DEBUG_INFO = YES;
				ONLY_ACTIVE_ARCH = YES;
				SDKROOT = iphoneos;
				TARGETED_DEVICE_FAMILY = "1,2";
			};
			name = Debug;
		};
		1D91F6D31B02F1C800B8F7F8 /* Release */ = {
			isa = XCBuildConfiguration;
			buildSettings = {
				ALWAYS_SEARCH_USER_PATHS = NO;
				CLANG_CXX_LANGUAGE_STANDARD = "gnu++0x";
				CLANG_CXX_LIBRARY = "libc++";
				CLANG_ENABLE_MODULES = YES;
				CLANG_ENABLE_OBJC_ARC = YES;
				CLANG_WARN_BOOL_CONVERSION = YES;
				CLANG_WARN_CONSTANT_CONVERSION = YES;
				CLANG_WARN_DIRECT_OBJC_ISA_USAGE = YES_ERROR;
				CLANG_WARN_EMPTY_BODY = YES;
				CLANG_WARN_ENUM_CONVERSION = YES;
				CLANG_WARN_INT_CONVERSION = YES;
				CLANG_WARN_OBJC_ROOT_CLASS = YES_ERROR;
				CLANG_WARN_UNREACHABLE_CODE = YES;
				CLANG_WARN__DUPLICATE_METHOD_MATCH = YES;
				"CODE_SIGN_IDENTITY[sdk=iphoneos*]" = "iPhone Developer";
				COPY_PHASE_STRIP = YES;
				ENABLE_NS_ASSERTIONS = NO;
				ENABLE_STRICT_OBJC_MSGSEND = YES;
				GCC_C_LANGUAGE_STANDARD = gnu99;
				GCC_WARN_64_TO_32_BIT_CONVERSION = YES;
				GCC_WARN_ABOUT_RETURN_TYPE = YES_ERROR;
				GCC_WARN_UNDECLARED_SELECTOR = YES;
				GCC_WARN_UNINITIALIZED_AUTOS = YES_AGGRESSIVE;
				GCC_WARN_UNUSED_FUNCTION = YES;
				GCC_WARN_UNUSED_VARIABLE = YES;
				IPHONEOS_DEPLOYMENT_TARGET = 8.1;
				MTL_ENABLE_DEBUG_INFO = NO;
				SDKROOT = iphoneos;
				TARGETED_DEVICE_FAMILY = "1,2";
				VALIDATE_PRODUCT = YES;
			};
			name = Release;
		};
		1D91F6D51B02F1C800B8F7F8 /* Debug */ = {
			isa = XCBuildConfiguration;
			buildSettings = {
				ASSETCATALOG_COMPILER_APPICON_NAME = AppIcon;
				INFOPLIST_FILE = "UI-2.3-图片浏览器优化/Info.plist";
				LD_RUNPATH_SEARCH_PATHS = "$(inherited) @executable_path/Frameworks";
				PRODUCT_NAME = "$(TARGET_NAME)";
			};
			name = Debug;
		};
		1D91F6D61B02F1C800B8F7F8 /* Release */ = {
			isa = XCBuildConfiguration;
			buildSettings = {
				ASSETCATALOG_COMPILER_APPICON_NAME = AppIcon;
				INFOPLIST_FILE = "UI-2.3-图片浏览器优化/Info.plist";
				LD_RUNPATH_SEARCH_PATHS = "$(inherited) @executable_path/Frameworks";
				PRODUCT_NAME = "$(TARGET_NAME)";
			};
			name = Release;
		};
		1D91F6D81B02F1C800B8F7F8 /* Debug */ = {
			isa = XCBuildConfiguration;
			buildSettings = {
				BUNDLE_LOADER = "$(TEST_HOST)";
				FRAMEWORK_SEARCH_PATHS = (
					"$(SDKROOT)/Developer/Library/Frameworks",
					"$(inherited)",
				);
				GCC_PREPROCESSOR_DEFINITIONS = (
					"DEBUG=1",
					"$(inherited)",
				);
				INFOPLIST_FILE = "UI-2.3-图片浏览器优化Tests/Info.plist";
				LD_RUNPATH_SEARCH_PATHS = "$(inherited) @executable_path/Frameworks @loader_path/Frameworks";
				PRODUCT_NAME = "$(TARGET_NAME)";
				TEST_HOST = "$(BUILT_PRODUCTS_DIR)/UI-2.3-图片浏览器优化.app/UI-2.3-图片浏览器优化";
			};
			name = Debug;
		};
		1D91F6D91B02F1C800B8F7F8 /* Release */ = {
			isa = XCBuildConfiguration;
			buildSettings = {
				BUNDLE_LOADER = "$(TEST_HOST)";
				FRAMEWORK_SEARCH_PATHS = (
					"$(SDKROOT)/Developer/Library/Frameworks",
					"$(inherited)",
				);
				INFOPLIST_FILE = "UI-2.3-图片浏览器优化Tests/Info.plist";
				LD_RUNPATH_SEARCH_PATHS = "$(inherited) @executable_path/Frameworks @loader_path/Frameworks";
				PRODUCT_NAME = "$(TARGET_NAME)";
				TEST_HOST = "$(BUILT_PRODUCTS_DIR)/UI-2.3-图片浏览器优化.app/UI-2.3-图片浏览器优化";
			};
			name = Release;
		};
/* End XCBuildConfiguration section */

/* Begin XCConfigurationList section */
		1D91F6AC1B02F1C800B8F7F8 /* Build configuration list for PBXProject "UI-2.3-图片浏览器优化" */ = {
			isa = XCConfigurationList;
			buildConfigurations = (
				1D91F6D21B02F1C800B8F7F8 /* Debug */,
				1D91F6D31B02F1C800B8F7F8 /* Release */,
			);
			defaultConfigurationIsVisible = 0;
			defaultConfigurationName = Release;
		};
		1D91F6D41B02F1C800B8F7F8 /* Build configuration list for PBXNativeTarget "UI-2.3-图片浏览器优化" */ = {
			isa = XCConfigurationList;
			buildConfigurations = (
				1D91F6D51B02F1C800B8F7F8 /* Debug */,
				1D91F6D61B02F1C800B8F7F8 /* Release */,
			);
			defaultConfigurationIsVisible = 0;
		};
		1D91F6D71B02F1C800B8F7F8 /* Build configuration list for PBXNativeTarget "UI-2.3-图片浏览器优化Tests" */ = {
			isa = XCConfigurationList;
			buildConfigurations = (
				1D91F6D81B02F1C800B8F7F8 /* Debug */,
				1D91F6D91B02F1C800B8F7F8 /* Release */,
			);
			defaultConfigurationIsVisible = 0;
		};
/* End XCConfigurationList section */
	};
	rootObject = 1D91F6A91B02F1C800B8F7F8 /* Project object */;
}
